
Microsoft Visual Studio Solution File, Format Version 12.00
# Visual Studio Version 16
VisualStudioVersion = 16.0.35931.194
MinimumVisualStudioVersion = 10.0.40219.1
Project("{FAE04EC0-301F-11D3-BF4B-00C04F79EFBC}") = "MabovulaButchery", "MabovulaButchery\MabovulaButchery.csproj", "{7AB2A232-02D5-4D46-AA56-FB5D0233805A}"
EndProject
Global
	GlobalSection(SolutionConfigurationPlatforms) = preSolution
		Debug|Any CPU = Debug|Any CPU
		Release|Any CPU = Release|Any CPU
	EndGlobalSection
	GlobalSection(ProjectConfigurationPlatforms) = postSolution
		{7AB2A232-02D5-4D46-AA56-FB5D0233805A}.Debug|Any CPU.ActiveCfg = Debug|Any CPU
		{7AB2A232-02D5-4D46-AA56-FB5D0233805A}.Debug|Any CPU.Build.0 = Debug|Any CPU
		{7AB2A232-02D5-4D46-AA56-FB5D0233805A}.Release|Any CPU.ActiveCfg = Release|Any CPU
		{7AB2A232-02D5-4D46-AA56-FB5D0233805A}.Release|Any CPU.Build.0 = Release|Any CPU
	EndGlobalSection
	GlobalSection(SolutionProperties) = preSolution
		HideSolutionNode = FALSE
	EndGlobalSection
	GlobalSection(ExtensibilityGlobals) = postSolution
		SolutionGuid = {3B5D31F7-A649-4043-8D94-B9FAC3968B4A}
	EndGlobalSection
EndGlobal
